
Microsoft Visual Studio Solution File, Format Version 12.00
# Visual Studio Version 17
VisualStudioVersion = 17.13.35919.96 d17.13
MinimumVisualStudioVersion = 10.0.40219.1
Project("{FAE04EC0-301F-11D3-BF4B-00C04F79EFBC}") = "DiskControllerVer02", "DiscControllerVer02\DiskControllerVer02.csproj", "{52292854-47E5-4FD0-A519-C563D7FC6BEE}"
EndProject
Global
	GlobalSection(SolutionConfigurationPlatforms) = preSolution
		Debug|Any CPU = Debug|Any CPU
		Release|Any CPU = Release|Any CPU
	EndGlobalSection
	GlobalSection(ProjectConfigurationPlatforms) = postSolution
		{52292854-47E5-4FD0-A519-C563D7FC6BEE}.Debug|Any CPU.ActiveCfg = Debug|Any CPU
		{52292854-47E5-4FD0-A519-C563D7FC6BEE}.Debug|Any CPU.Build.0 = Debug|Any CPU
		{52292854-47E5-4FD0-A519-C563D7FC6BEE}.Release|Any CPU.ActiveCfg = Release|Any CPU
		{52292854-47E5-4FD0-A519-C563D7FC6BEE}.Release|Any CPU.Build.0 = Release|Any CPU
	EndGlobalSection
	GlobalSection(SolutionProperties) = preSolution
		HideSolutionNode = FALSE
	EndGlobalSection
	GlobalSection(ExtensibilityGlobals) = postSolution
		SolutionGuid = {F40247F7-0D2C-40C2-A14E-995F8D9F8455}
	EndGlobalSection
EndGlobal
